
Microsoft Visual Studio Solution File, Format Version 12.00
# Visual Studio Version 17
VisualStudioVersion = 17.10.34928.147
MinimumVisualStudioVersion = 10.0.40219.1
Project("{8BC9CEB8-8B4A-11D0-8D11-00A0C91BC942}") = "Lab4", "Lab4\Lab4.vcxproj", "{1B34FD38-E30E-49E9-BEAC-3E09D9E15DC1}"
EndProject
Project("{8BC9CEB8-8B4A-11D0-8D11-00A0C91BC942}") = "LAB4-03", "LAB4-03\LAB4-03.vcxproj", "{5825884C-0F7F-4F75-96C3-233F44E7486B}"
EndProject
Project("{8BC9CEB8-8B4A-11D0-8D11-00A0C91BC942}") = "LA-02", "LA-02\LA-02.vcxproj", "{01087969-5C59-4BE1-9BC7-3A56423231B1}"
EndProject
Global
	GlobalSection(SolutionConfigurationPlatforms) = preSolution
		Debug|x64 = Debug|x64
		Debug|x86 = Debug|x86
		Release|x64 = Release|x64
		Release|x86 = Release|x86
	EndGlobalSection
	GlobalSection(ProjectConfigurationPlatforms) = postSolution
		{1B34FD38-E30E-49E9-BEAC-3E09D9E15DC1}.Debug|x64.ActiveCfg = Debug|x64
		{1B34FD38-E30E-49E9-BEAC-3E09D9E15DC1}.Debug|x64.Build.0 = Debug|x64
		{1B34FD38-E30E-49E9-BEAC-3E09D9E15DC1}.Debug|x86.ActiveCfg = Debug|Win32
		{1B34FD38-E30E-49E9-BEAC-3E09D9E15DC1}.Debug|x86.Build.0 = Debug|Win32
		{1B34FD38-E30E-49E9-BEAC-3E09D9E15DC1}.Release|x64.ActiveCfg = Release|x64
		{1B34FD38-E30E-49E9-BEAC-3E09D9E15DC1}.Release|x64.Build.0 = Release|x64
		{1B34FD38-E30E-49E9-BEAC-3E09D9E15DC1}.Release|x86.ActiveCfg = Release|Win32
		{1B34FD38-E30E-49E9-BEAC-3E09D9E15DC1}.Release|x86.Build.0 = Release|Win32
		{5825884C-0F7F-4F75-96C3-233F44E7486B}.Debug|x64.ActiveCfg = Debug|x64
		{5825884C-0F7F-4F75-96C3-233F44E7486B}.Debug|x64.Build.0 = Debug|x64
		{5825884C-0F7F-4F75-96C3-233F44E7486B}.Debug|x86.ActiveCfg = Debug|Win32
		{5825884C-0F7F-4F75-96C3-233F44E7486B}.Debug|x86.Build.0 = Debug|Win32
		{5825884C-0F7F-4F75-96C3-233F44E7486B}.Release|x64.ActiveCfg = Release|x64
		{5825884C-0F7F-4F75-96C3-233F44E7486B}.Release|x64.Build.0 = Release|x64
		{5825884C-0F7F-4F75-96C3-233F44E7486B}.Release|x86.ActiveCfg = Release|Win32
		{5825884C-0F7F-4F75-96C3-233F44E7486B}.Release|x86.Build.0 = Release|Win32
		{01087969-5C59-4BE1-9BC7-3A56423231B1}.Debug|x64.ActiveCfg = Debug|x64
		{01087969-5C59-4BE1-9BC7-3A56423231B1}.Debug|x64.Build.0 = Debug|x64
		{01087969-5C59-4BE1-9BC7-3A56423231B1}.Debug|x86.ActiveCfg = Debug|Win32
		{01087969-5C59-4BE1-9BC7-3A56423231B1}.Debug|x86.Build.0 = Debug|Win32
		{01087969-5C59-4BE1-9BC7-3A56423231B1}.Release|x64.ActiveCfg = Release|x64
		{01087969-5C59-4BE1-9BC7-3A56423231B1}.Release|x64.Build.0 = Release|x64
		{01087969-5C59-4BE1-9BC7-3A56423231B1}.Release|x86.ActiveCfg = Release|Win32
		{01087969-5C59-4BE1-9BC7-3A56423231B1}.Release|x86.Build.0 = Release|Win32
	EndGlobalSection
	GlobalSection(SolutionProperties) = preSolution
		HideSolutionNode = FALSE
	EndGlobalSection
	GlobalSection(ExtensibilityGlobals) = postSolution
		SolutionGuid = {6D6E008D-1D7C-40A6-8D6B-4494B6F4B446}
	EndGlobalSection
EndGlobal
